// !$*UTF8*$!
{
	archiveVersion = 1;
	classes = {
	};
	objectVersion = 46;
	objects = {

/* Begin PBXBuildFile section */
		8F4DE1741E91FCBA00186B93 /* AppDelegate.swift in Sources */ = {isa = PBXBuildFile; fileRef = 8F4DE1731E91FCBA00186B93 /* AppDelegate.swift */; };
		8F4DE1761E91FCBA00186B93 /* ViewController.swift in Sources */ = {isa = PBXBuildFile; fileRef = 8F4DE1751E91FCBA00186B93 /* ViewController.swift */; };
		8F4DE1791E91FCBA00186B93 /* Main.storyboard in Resources */ = {isa = PBXBuildFile; fileRef = 8F4DE1771E91FCBA00186B93 /* Main.storyboard */; };
		8F4DE17B1E91FCBA00186B93 /* Assets.xcassets in Resources */ = {isa = PBXBuildFile; fileRef = 8F4DE17A1E91FCBA00186B93 /* Assets.xcassets */; };
		8F4DE17E1E91FCBA00186B93 /* LaunchScreen.storyboard in Resources */ = {isa = PBXBuildFile; fileRef = 8F4DE17C1E91FCBA00186B93 /* LaunchScreen.storyboard */; };
		8F4DE1871E92092E00186B93 /* CoreLocation.framework in Frameworks */ = {isa = PBXBuildFile; fileRef = 8F4DE1861E92092E00186B93 /* CoreLocation.framework */; };
/* End PBXBuildFile section */

/* Begin PBXFileReference section */
		8F4DE1701E91FCBA00186B93 /* LocationMap.app */ = {isa = PBXFileReference; explicitFileType = wrapper.application; includeInIndex = 0; path = LocationMap.app; sourceTree = BUILT_PRODUCTS_DIR; };
		8F4DE1731E91FCBA00186B93 /* AppDelegate.swift */ = {isa = PBXFileReference; lastKnownFileType = sourcecode.swift; path = AppDelegate.swift; sourceTree = "<group>"; };
		8F4DE1751E91FCBA00186B93 /* ViewController.swift */ = {isa = PBXFileReference; lastKnownFileType = sourcecode.swift; path = ViewController.swift; sourceTree = "<group>"; };
		8F4DE1781E91FCBA00186B93 /* Base */ = {isa = PBXFileReference; lastKnownFileType = file.storyboard; name = Base; path = Base.lproj/Main.storyboard; sourceTree = "<group>"; };
		8F4DE17A1E91FCBA00186B93 /* Assets.xcassets */ = {isa = PBXFileReference; lastKnownFileType = folder.assetcatalog; path = Assets.xcassets; sourceTree = "<group>"; };
		8F4DE17D1E91FCBA00186B93 /* Base */ = {isa = PBXFileReference; lastKnownFileType = file.storyboard; name = Base; path = Base.lproj/LaunchScreen.storyboard; sourceTree = "<group>"; };
		8F4DE17F1E91FCBA00186B93 /* Info.plist */ = {isa = PBXFileReference; lastKnownFileType = text.plist.xml; path = Info.plist; sourceTree = "<group>"; };
		8F4DE1861E92092E00186B93 /* CoreLocation.framework */ = {isa = PBXFileReference; lastKnownFileType = wrapper.framework; name = CoreLocation.framework; path = System/Library/Frameworks/CoreLocation.framework; sourceTree = SDKROOT; };
/* End PBXFileReference section */

/* Begin PBXFrameworksBuildPhase section */
		8F4DE16D1E91FCBA00186B93 /* Frameworks */ = {
			isa = PBXFrameworksBuildPhase;
			buildActionMask = 2147483647;
			files = (
				8F4DE1871E92092E00186B93 /* CoreLocation.framework in Frameworks */,
			);
			runOnlyForDeploymentPostprocessing = 0;
		};
/* End PBXFrameworksBuildPhase section */

/* Begin PBXGroup section */
		8F4DE1671E91FCBA00186B93 = {
			isa = PBXGroup;
			children = (
				8F4DE1721E91FCBA00186B93 /* LocationMap */,
				8F4DE1711E91FCBA00186B93 /* Products */,
				8F4DE1851E92092D00186B93 /* Frameworks */,
			);
			sourceTree = "<group>";
		};
		8F4DE1711E91FCBA00186B93 /* Products */ = {
			isa = PBXGroup;
			children = (
				8F4DE1701E91FCBA00186B93 /* LocationMap.app */,
			);
			name = Products;
			sourceTree = "<group>";
		};
		8F4DE1721E91FCBA00186B93 /* LocationMap */ = {
			isa = PBXGroup;
			children = (
				8F4DE1731E91FCBA00186B93 /* AppDelegate.swift */,
				8F4DE1751E91FCBA00186B93 /* ViewController.swift */,
				8F4DE1771E91FCBA00186B93 /* Main.storyboard */,
				8F4DE17A1E91FCBA00186B93 /* Assets.xcassets */,
				8F4DE17C1E91FCBA00186B93 /* LaunchScreen.storyboard */,
				8F4DE17F1E91FCBA00186B93 /* Info.plist */,
			);
			path = LocationMap;
			sourceTree = "<group>";
		};
		8F4DE1851E92092D00186B93 /* Frameworks */ = {
			isa = PBXGroup;
			children = (
				8F4DE1861E92092E00186B93 /* CoreLocation.framework */,
			);
			name = Frameworks;
			sourceTree = "<group>";
		};
/* End PBXGroup section */

/* Begin PBXNativeTarget section */
		8F4DE16F1E91FCBA00186B93 /* LocationMap */ = {
			isa = PBXNativeTarget;
			buildConfigurationList = 8F4DE1821E91FCBA00186B93 /* Build configuration list for PBXNativeTarget "LocationMap" */;
			buildPhases = (
				8F4DE16C1E91FCBA00186B93 /* Sources */,
				8F4DE16D1E91FCBA00186B93 /* Frameworks */,
				8F4DE16E1E91FCBA00186B93 /* Resources */,
			);
			buildRules = (
			);
			dependencies = (
			);
			name = LocationMap;
			productName = LocationMap;
			productReference = 8F4DE1701E91FCBA00186B93 /* LocationMap.app */;
			productType = "com.apple.product-type.application";
		};
/* End PBXNativeTarget section */

/* Begin PBXProject section */
		8F4DE1681E91FCBA00186B93 /* Project object */ = {
			isa = PBXProject;
			attributes = {
				LastSwiftUpdateCheck = 0830;
				LastUpgradeCheck = 0830;
				ORGANIZATIONNAME = "Milind Patel";
				TargetAttributes = {
					8F4DE16F1E91FCBA00186B93 = {
						CreatedOnToolsVersion = 8.3;
						ProvisioningStyle = Automatic;
					};
				};
			};
			buildConfigurationList = 8F4DE16B1E91FCBA00186B93 /* Build configuration list for PBXProject "LocationMap" */;
			compatibilityVersion = "Xcode 3.2";
			developmentRegion = English;
			hasScannedForEncodings = 0;
			knownRegions = (
				en,
				Base,
			);
			mainGroup = 8F4DE1671E91FCBA00186B93;
			productRefGroup = 8F4DE1711E91FCBA00186B93 /* Products */;
			projectDirPath = "";
			projectRoot = "";
			targets = (
				8F4DE16F1E91FCBA00186B93 /* LocationMap */,
			);
		};
/* End PBXProject section */

/* Begin PBXResourcesBuildPhase section */
		8F4DE16E1E91FCBA00186B93 /* Resources */ = {
			isa = PBXResourcesBuildPhase;
			buildActionMask = 2147483647;
			files = (
				8F4DE17E1E91FCBA00186B93 /* LaunchScreen.storyboard in Resources */,
				8F4DE17B1E91FCBA00186B93 /* Assets.xcassets in Resources */,
				8F4DE1791E91FCBA00186B93 /* Main.storyboard in Resources */,
			);
			runOnlyForDeploymentPostprocessing = 0;
		};
/* End PBXResourcesBuildPhase section */

/* Begin PBXSourcesBuildPhase section */
		8F4DE16C1E91FCBA00186B93 /* Sources */ = {
			isa = PBXSourcesBuildPhase;
			buildActionMask = 2147483647;
			files = (
				8F4DE1761E91FCBA00186B93 /* ViewController.swift in Sources */,
				8F4DE1741E91FCBA00186B93 /* AppDelegate.swift in Sources */,
			);
			runOnlyForDeploymentPostprocessing = 0;
		};
/* End PBXSourcesBuildPhase section */

/* Begin PBXVariantGroup section */
		8F4DE1771E91FCBA00186B93 /* Main.storyboard */ = {
			isa = PBXVariantGroup;
			children = (
				8F4DE1781E91FCBA00186B93 /* Base */,
			);
			name = Main.storyboard;
			sourceTree = "<group>";
		};
		8F4DE17C1E91FCBA00186B93 /* LaunchScreen.storyboard */ = {
			isa = PBXVariantGroup;
			children = (
				8F4DE17D1E91FCBA00186B93 /* Base */,
			);
			name = LaunchScreen.storyboard;
			sourceTree = "<group>";
		};
/* End PBXVariantGroup section */

/* Begin XCBuildConfiguration section */
		8F4DE1801E91FCBA00186B93 /* Debug */ = {
			isa = XCBuildConfiguration;
			buildSettings = {
				ALWAYS_SEARCH_USER_PATHS = NO;
				CLANG_ANALYZER_NONNULL = YES;
				CLANG_ANALYZER_NUMBER_OBJECT_CONVERSION = YES_AGGRESSIVE;
				CLANG_CXX_LANGUAGE_STANDARD = "gnu++0x";
				CLANG_CXX_LIBRARY = "libc++";
				CLANG_ENABLE_MODULES = YES;
				CLANG_ENABLE_OBJC_ARC = YES;
				CLANG_WARN_BOOL_CONVERSION = YES;
				CLANG_WARN_CONSTANT_CONVERSION = YES;
				CLANG_WARN_DIRECT_OBJC_ISA_USAGE = YES_ERROR;
				CLANG_WARN_DOCUMENTATION_COMMENTS = YES;
				CLANG_WARN_EMPTY_BODY = YES;
				CLANG_WARN_ENUM_CONVERSION = YES;
				CLANG_WARN_INFINITE_RECURSION = YES;
				CLANG_WARN_INT_CONVERSION = YES;
				CLANG_WARN_OBJC_ROOT_CLASS = YES_ERROR;
				CLANG_WARN_SUSPICIOUS_MOVE = YES;
				CLANG_WARN_UNREACHABLE_CODE = YES;
				CLANG_WARN__DUPLICATE_METHOD_MATCH = YES;
				"CODE_SIGN_IDENTITY[sdk=iphoneos*]" = "iPhone Developer";
				COPY_PHASE_STRIP = NO;
				DEBUG_INFORMATION_FORMAT = dwarf;
				ENABLE_STRICT_OBJC_MSGSEND = YES;
				ENABLE_TESTABILITY = YES;
				GCC_C_LANGUAGE_STANDARD = gnu99;
				GCC_DYNAMIC_NO_PIC = NO;
				GCC_NO_COMMON_BLOCKS = YES;
				GCC_OPTIMIZATION_LEVEL = 0;
				GCC_PREPROCESSOR_DEFINITIONS = (
					"DEBUG=1",
					"$(inherited)",
				);
				GCC_WARN_64_TO_32_BIT_CONVERSION = YES;
				GCC_WARN_ABOUT_RETURN_TYPE = YES_ERROR;
				GCC_WARN_UNDECLARED_SELECTOR = YES;
				GCC_WARN_UNINITIALIZED_AUTOS = YES_AGGRESSIVE;
				GCC_WARN_UNUSED_FUNCTION = YES;
				GCC_WARN_UNUSED_VARIABLE = YES;
				IPHONEOS_DEPLOYMENT_TARGET = 10.3;
				MTL_ENABLE_DEBUG_INFO = YES;
				ONLY_ACTIVE_ARCH = YES;
				SDKROOT = iphoneos;
				SWIFT_ACTIVE_COMPILATION_CONDITIONS = DEBUG;
				SWIFT_OPTIMIZATION_LEVEL = "-Onone";
			};
			name = Debug;
		};
		8F4DE1811E91FCBA00186B93 /* Release */ = {
			isa = XCBuildConfiguration;
			buildSettings = {
				ALWAYS_SEARCH_USER_PATHS = NO;
				CLANG_ANALYZER_NONNULL = YES;
				CLANG_ANALYZER_NUMBER_OBJECT_CONVERSION = YES_AGGRESSIVE;
				CLANG_CXX_LANGUAGE_STANDARD = "gnu++0x";
				CLANG_CXX_LIBRARY = "libc++";
				CLANG_ENABLE_MODULES = YES;
				CLANG_ENABLE_OBJC_ARC = YES;
				CLANG_WARN_BOOL_CONVERSION = YES;
				CLANG_WARN_CONSTANT_CONVERSION = YES;
				CLANG_WARN_DIRECT_OBJC_ISA_USAGE = YES_ERROR;
				CLANG_WARN_DOCUMENTATION_COMMENTS = YES;
				CLANG_WARN_EMPTY_BODY = YES;
				CLANG_WARN_ENUM_CONVERSION = YES;
				CLANG_WARN_INFINITE_RECURSION = YES;
				CLANG_WARN_INT_CONVERSION = YES;
				CLANG_WARN_OBJC_ROOT_CLASS = YES_ERROR;
				CLANG_WARN_SUSPICIOUS_MOVE = YES;
				CLANG_WARN_UNREACHABLE_CODE = YES;
				CLANG_WARN__DUPLICATE_METHOD_MATCH = YES;
				"CODE_SIGN_IDENTITY[sdk=iphoneos*]" = "iPhone Developer";
				COPY_PHASE_STRIP = NO;
				DEBUG_INFORMATION_FORMAT = "dwarf-with-dsym";
				ENABLE_NS_ASSERTIONS = NO;
				ENABLE_STRICT_OBJC_MSGSEND = YES;
				GCC_C_LANGUAGE_STANDARD = gnu99;
				GCC_NO_COMMON_BLOCKS = YES;
				GCC_WARN_64_TO_32_BIT_CONVERSION = YES;
				GCC_WARN_ABOUT_RETURN_TYPE = YES_ERROR;
				GCC_WARN_UNDECLARED_SELECTOR = YES;
				GCC_WARN_UNINITIALIZED_AUTOS = YES_AGGRESSIVE;
				GCC_WARN_UNUSED_FUNCTION = YES;
				GCC_WARN_UNUSED_VARIABLE = YES;
				IPHONEOS_DEPLOYMENT_TARGET = 10.3;
				MTL_ENABLE_DEBUG_INFO = NO;
				SDKROOT = iphoneos;
				SWIFT_OPTIMIZATION_LEVEL = "-Owholemodule";
				VALIDATE_PRODUCT = YES;
			};
			name = Release;
		};
		8F4DE1831E91FCBA00186B93 /* Debug */ = {
			isa = XCBuildConfiguration;
			buildSettings = {
				ASSETCATALOG_COMPILER_APPICON_NAME = AppIcon;
				INFOPLIST_FILE = LocationMap/Info.plist;
				LD_RUNPATH_SEARCH_PATHS = "$(inherited) @executable_path/Frameworks";
				PRODUCT_BUNDLE_IDENTIFIER = ca.Milindd.LocationMap;
				PRODUCT_NAME = "$(TARGET_NAME)";
				SWIFT_VERSION = 3.0;
			};
			name = Debug;
		};
		8F4DE1841E91FCBA00186B93 /* Release */ = {
			isa = XCBuildConfiguration;
			buildSettings = {
				ASSETCATALOG_COMPILER_APPICON_NAME = AppIcon;
				INFOPLIST_FILE = LocationMap/Info.plist;
				LD_RUNPATH_SEARCH_PATHS = "$(inherited) @executable_path/Frameworks";
				PRODUCT_BUNDLE_IDENTIFIER = ca.Milindd.LocationMap;
				PRODUCT_NAME = "$(TARGET_NAME)";
				SWIFT_VERSION = 3.0;
			};
			name = Release;
		};
/* End XCBuildConfiguration section */

/* Begin XCConfigurationList section */
		8F4DE16B1E91FCBA00186B93 /* Build configuration list for PBXProject "LocationMap" */ = {
			isa = XCConfigurationList;
			buildConfigurations = (
				8F4DE1801E91FCBA00186B93 /* Debug */,
				8F4DE1811E91FCBA00186B93 /* Release */,
			);
			defaultConfigurationIsVisible = 0;
			defaultConfigurationName = Release;
		};
		8F4DE1821E91FCBA00186B93 /* Build configuration list for PBXNativeTarget "LocationMap" */ = {
			isa = XCConfigurationList;
			buildConfigurations = (
				8F4DE1831E91FCBA00186B93 /* Debug */,
				8F4DE1841E91FCBA00186B93 /* Release */,
			);
			defaultConfigurationIsVisible = 0;
		};
/* End XCConfigurationList section */
	};
	rootObject = 8F4DE1681E91FCBA00186B93 /* Project object */;
}
